// !$*UTF8*$!
{
	archiveVersion = 1;
	classes = {
	};
	objectVersion = 50;
	objects = {

/* Begin PBXBuildFile section */
		1F2AD36C24B25909000D61ED /* RulerPickerViewDelegate.swift in Sources */ = {isa = PBXBuildFile; fileRef = 1F2AD36B24B25909000D61ED /* RulerPickerViewDelegate.swift */; };
		1F2AD36E24B25914000D61ED /* RulerPickerViewDataSource.swift in Sources */ = {isa = PBXBuildFile; fileRef = 1F2AD36D24B25914000D61ED /* RulerPickerViewDataSource.swift */; };
		1F2AD37024B25922000D61ED /* RulerPickerConfiguration.swift in Sources */ = {isa = PBXBuildFile; fileRef = 1F2AD36F24B25922000D61ED /* RulerPickerConfiguration.swift */; };
		1F2AD37224B2592C000D61ED /* RulerPickerCellConfiguration.swift in Sources */ = {isa = PBXBuildFile; fileRef = 1F2AD37124B2592C000D61ED /* RulerPickerCellConfiguration.swift */; };
		1F2AD37524B25A5F000D61ED /* RulerPickerHorizontalCell.swift in Sources */ = {isa = PBXBuildFile; fileRef = 1F2AD37324B25A5E000D61ED /* RulerPickerHorizontalCell.swift */; };
		1F2AD37624B25A5F000D61ED /* RulerPickerHorizontalCell.xib in Resources */ = {isa = PBXBuildFile; fileRef = 1F2AD37424B25A5F000D61ED /* RulerPickerHorizontalCell.xib */; };
		1F2AD37B24B263D1000D61ED /* RulerPickerVerticalCell.swift in Sources */ = {isa = PBXBuildFile; fileRef = 1F2AD37924B263D1000D61ED /* RulerPickerVerticalCell.swift */; };
		1F2AD37C24B263D1000D61ED /* RulerPickerVerticalCell.xib in Resources */ = {isa = PBXBuildFile; fileRef = 1F2AD37A24B263D1000D61ED /* RulerPickerVerticalCell.xib */; };
		1F9F8C8B247D9714009E9428 /* AppDelegate.swift in Sources */ = {isa = PBXBuildFile; fileRef = 1F9F8C8A247D9714009E9428 /* AppDelegate.swift */; };
		1F9F8C8F247D9714009E9428 /* ViewController.swift in Sources */ = {isa = PBXBuildFile; fileRef = 1F9F8C8E247D9714009E9428 /* ViewController.swift */; };
		1F9F8C92247D9714009E9428 /* Main.storyboard in Resources */ = {isa = PBXBuildFile; fileRef = 1F9F8C90247D9714009E9428 /* Main.storyboard */; };
		1F9F8C94247D9715009E9428 /* Assets.xcassets in Resources */ = {isa = PBXBuildFile; fileRef = 1F9F8C93247D9715009E9428 /* Assets.xcassets */; };
		1F9F8C97247D9715009E9428 /* LaunchScreen.storyboard in Resources */ = {isa = PBXBuildFile; fileRef = 1F9F8C95247D9715009E9428 /* LaunchScreen.storyboard */; };
		1F9F8C9F247D978C009E9428 /* RulerPickerView.swift in Sources */ = {isa = PBXBuildFile; fileRef = 1F9F8C9E247D978C009E9428 /* RulerPickerView.swift */; };
/* End PBXBuildFile section */

/* Begin PBXFileReference section */
		1F2AD36B24B25909000D61ED /* RulerPickerViewDelegate.swift */ = {isa = PBXFileReference; lastKnownFileType = sourcecode.swift; path = RulerPickerViewDelegate.swift; sourceTree = "<group>"; };
		1F2AD36D24B25914000D61ED /* RulerPickerViewDataSource.swift */ = {isa = PBXFileReference; lastKnownFileType = sourcecode.swift; path = RulerPickerViewDataSource.swift; sourceTree = "<group>"; };
		1F2AD36F24B25922000D61ED /* RulerPickerConfiguration.swift */ = {isa = PBXFileReference; lastKnownFileType = sourcecode.swift; path = RulerPickerConfiguration.swift; sourceTree = "<group>"; };
		1F2AD37124B2592C000D61ED /* RulerPickerCellConfiguration.swift */ = {isa = PBXFileReference; lastKnownFileType = sourcecode.swift; path = RulerPickerCellConfiguration.swift; sourceTree = "<group>"; };
		1F2AD37324B25A5E000D61ED /* RulerPickerHorizontalCell.swift */ = {isa = PBXFileReference; lastKnownFileType = sourcecode.swift; path = RulerPickerHorizontalCell.swift; sourceTree = "<group>"; };
		1F2AD37424B25A5F000D61ED /* RulerPickerHorizontalCell.xib */ = {isa = PBXFileReference; lastKnownFileType = file.xib; path = RulerPickerHorizontalCell.xib; sourceTree = "<group>"; };
		1F2AD37924B263D1000D61ED /* RulerPickerVerticalCell.swift */ = {isa = PBXFileReference; lastKnownFileType = sourcecode.swift; path = RulerPickerVerticalCell.swift; sourceTree = "<group>"; };
		1F2AD37A24B263D1000D61ED /* RulerPickerVerticalCell.xib */ = {isa = PBXFileReference; lastKnownFileType = file.xib; path = RulerPickerVerticalCell.xib; sourceTree = "<group>"; };
		1F9F8C87247D9714009E9428 /* RulerPicker.app */ = {isa = PBXFileReference; explicitFileType = wrapper.application; includeInIndex = 0; path = RulerPicker.app; sourceTree = BUILT_PRODUCTS_DIR; };
		1F9F8C8A247D9714009E9428 /* AppDelegate.swift */ = {isa = PBXFileReference; lastKnownFileType = sourcecode.swift; path = AppDelegate.swift; sourceTree = "<group>"; };
		1F9F8C8E247D9714009E9428 /* ViewController.swift */ = {isa = PBXFileReference; lastKnownFileType = sourcecode.swift; path = ViewController.swift; sourceTree = "<group>"; };
		1F9F8C91247D9714009E9428 /* Base */ = {isa = PBXFileReference; lastKnownFileType = file.storyboard; name = Base; path = Base.lproj/Main.storyboard; sourceTree = "<group>"; };
		1F9F8C93247D9715009E9428 /* Assets.xcassets */ = {isa = PBXFileReference; lastKnownFileType = folder.assetcatalog; path = Assets.xcassets; sourceTree = "<group>"; };
		1F9F8C96247D9715009E9428 /* Base */ = {isa = PBXFileReference; lastKnownFileType = file.storyboard; name = Base; path = Base.lproj/LaunchScreen.storyboard; sourceTree = "<group>"; };
		1F9F8C98247D9715009E9428 /* Info.plist */ = {isa = PBXFileReference; lastKnownFileType = text.plist.xml; path = Info.plist; sourceTree = "<group>"; };
		1F9F8C9E247D978C009E9428 /* RulerPickerView.swift */ = {isa = PBXFileReference; lastKnownFileType = sourcecode.swift; path = RulerPickerView.swift; sourceTree = "<group>"; };
/* End PBXFileReference section */

/* Begin PBXFrameworksBuildPhase section */
		1F9F8C84247D9714009E9428 /* Frameworks */ = {
			isa = PBXFrameworksBuildPhase;
			buildActionMask = 2147483647;
			files = (
			);
			runOnlyForDeploymentPostprocessing = 0;
		};
/* End PBXFrameworksBuildPhase section */

/* Begin PBXGroup section */
		1F2AD36A24B258EE000D61ED /* RulerPicker */ = {
			isa = PBXGroup;
			children = (
				1F2AD36B24B25909000D61ED /* RulerPickerViewDelegate.swift */,
				1F2AD36D24B25914000D61ED /* RulerPickerViewDataSource.swift */,
				1F2AD36F24B25922000D61ED /* RulerPickerConfiguration.swift */,
				1F2AD37124B2592C000D61ED /* RulerPickerCellConfiguration.swift */,
				1F2AD37824B263B3000D61ED /* RulerPickerVerticalCell */,
				1F2AD37724B25A68000D61ED /* RulerPickerHorizontalCell */,
			);
			path = RulerPicker;
			sourceTree = "<group>";
		};
		1F2AD37724B25A68000D61ED /* RulerPickerHorizontalCell */ = {
			isa = PBXGroup;
			children = (
				1F2AD37324B25A5E000D61ED /* RulerPickerHorizontalCell.swift */,
				1F2AD37424B25A5F000D61ED /* RulerPickerHorizontalCell.xib */,
			);
			path = RulerPickerHorizontalCell;
			sourceTree = "<group>";
		};
		1F2AD37824B263B3000D61ED /* RulerPickerVerticalCell */ = {
			isa = PBXGroup;
			children = (
				1F2AD37924B263D1000D61ED /* RulerPickerVerticalCell.swift */,
				1F2AD37A24B263D1000D61ED /* RulerPickerVerticalCell.xib */,
			);
			path = RulerPickerVerticalCell;
			sourceTree = "<group>";
		};
		1F9F8C7E247D9714009E9428 = {
			isa = PBXGroup;
			children = (
				1F9F8C89247D9714009E9428 /* RulerPicker */,
				1F9F8C88247D9714009E9428 /* Products */,
			);
			sourceTree = "<group>";
		};
		1F9F8C88247D9714009E9428 /* Products */ = {
			isa = PBXGroup;
			children = (
				1F9F8C87247D9714009E9428 /* RulerPicker.app */,
			);
			name = Products;
			sourceTree = "<group>";
		};
		1F9F8C89247D9714009E9428 /* RulerPicker */ = {
			isa = PBXGroup;
			children = (
				1F2AD36A24B258EE000D61ED /* RulerPicker */,
				1F9F8C8A247D9714009E9428 /* AppDelegate.swift */,
				1F9F8C8E247D9714009E9428 /* ViewController.swift */,
				1F9F8C9E247D978C009E9428 /* RulerPickerView.swift */,
				1F9F8C90247D9714009E9428 /* Main.storyboard */,
				1F9F8C93247D9715009E9428 /* Assets.xcassets */,
				1F9F8C95247D9715009E9428 /* LaunchScreen.storyboard */,
				1F9F8C98247D9715009E9428 /* Info.plist */,
			);
			path = RulerPicker;
			sourceTree = "<group>";
		};
/* End PBXGroup section */

/* Begin PBXNativeTarget section */
		1F9F8C86247D9714009E9428 /* RulerPicker */ = {
			isa = PBXNativeTarget;
			buildConfigurationList = 1F9F8C9B247D9715009E9428 /* Build configuration list for PBXNativeTarget "RulerPicker" */;
			buildPhases = (
				1F9F8C83247D9714009E9428 /* Sources */,
				1F9F8C84247D9714009E9428 /* Frameworks */,
				1F9F8C85247D9714009E9428 /* Resources */,
			);
			buildRules = (
			);
			dependencies = (
			);
			name = RulerPicker;
			productName = RullerPicker;
			productReference = 1F9F8C87247D9714009E9428 /* RulerPicker.app */;
			productType = "com.apple.product-type.application";
		};
/* End PBXNativeTarget section */

/* Begin PBXProject section */
		1F9F8C7F247D9714009E9428 /* Project object */ = {
			isa = PBXProject;
			attributes = {
				LastSwiftUpdateCheck = 1130;
				LastUpgradeCheck = 1130;
				ORGANIZATIONNAME = Alexander;
				TargetAttributes = {
					1F9F8C86247D9714009E9428 = {
						CreatedOnToolsVersion = 11.3;
					};
				};
			};
			buildConfigurationList = 1F9F8C82247D9714009E9428 /* Build configuration list for PBXProject "RulerPicker" */;
			compatibilityVersion = "Xcode 9.3";
			developmentRegion = en;
			hasScannedForEncodings = 0;
			knownRegions = (
				en,
				Base,
			);
			mainGroup = 1F9F8C7E247D9714009E9428;
			productRefGroup = 1F9F8C88247D9714009E9428 /* Products */;
			projectDirPath = "";
			projectRoot = "";
			targets = (
				1F9F8C86247D9714009E9428 /* RulerPicker */,
			);
		};
/* End PBXProject section */

/* Begin PBXResourcesBuildPhase section */
		1F9F8C85247D9714009E9428 /* Resources */ = {
			isa = PBXResourcesBuildPhase;
			buildActionMask = 2147483647;
			files = (
				1F2AD37C24B263D1000D61ED /* RulerPickerVerticalCell.xib in Resources */,
				1F9F8C97247D9715009E9428 /* LaunchScreen.storyboard in Resources */,
				1F9F8C94247D9715009E9428 /* Assets.xcassets in Resources */,
				1F2AD37624B25A5F000D61ED /* RulerPickerHorizontalCell.xib in Resources */,
				1F9F8C92247D9714009E9428 /* Main.storyboard in Resources */,
			);
			runOnlyForDeploymentPostprocessing = 0;
		};
/* End PBXResourcesBuildPhase section */

/* Begin PBXSourcesBuildPhase section */
		1F9F8C83247D9714009E9428 /* Sources */ = {
			isa = PBXSourcesBuildPhase;
			buildActionMask = 2147483647;
			files = (
				1F9F8C9F247D978C009E9428 /* RulerPickerView.swift in Sources */,
				1F2AD37224B2592C000D61ED /* RulerPickerCellConfiguration.swift in Sources */,
				1F2AD37B24B263D1000D61ED /* RulerPickerVerticalCell.swift in Sources */,
				1F2AD37524B25A5F000D61ED /* RulerPickerHorizontalCell.swift in Sources */,
				1F2AD37024B25922000D61ED /* RulerPickerConfiguration.swift in Sources */,
				1F9F8C8F247D9714009E9428 /* ViewController.swift in Sources */,
				1F2AD36E24B25914000D61ED /* RulerPickerViewDataSource.swift in Sources */,
				1F2AD36C24B25909000D61ED /* RulerPickerViewDelegate.swift in Sources */,
				1F9F8C8B247D9714009E9428 /* AppDelegate.swift in Sources */,
			);
			runOnlyForDeploymentPostprocessing = 0;
		};
/* End PBXSourcesBuildPhase section */

/* Begin PBXVariantGroup section */
		1F9F8C90247D9714009E9428 /* Main.storyboard */ = {
			isa = PBXVariantGroup;
			children = (
				1F9F8C91247D9714009E9428 /* Base */,
			);
			name = Main.storyboard;
			sourceTree = "<group>";
		};
		1F9F8C95247D9715009E9428 /* LaunchScreen.storyboard */ = {
			isa = PBXVariantGroup;
			children = (
				1F9F8C96247D9715009E9428 /* Base */,
			);
			name = LaunchScreen.storyboard;
			sourceTree = "<group>";
		};
/* End PBXVariantGroup section */

/* Begin XCBuildConfiguration section */
		1F9F8C99247D9715009E9428 /* Debug */ = {
			isa = XCBuildConfiguration;
			buildSettings = {
				ALWAYS_SEARCH_USER_PATHS = NO;
				CLANG_ANALYZER_NONNULL = YES;
				CLANG_ANALYZER_NUMBER_OBJECT_CONVERSION = YES_AGGRESSIVE;
				CLANG_CXX_LANGUAGE_STANDARD = "gnu++14";
				CLANG_CXX_LIBRARY = "libc++";
				CLANG_ENABLE_MODULES = YES;
				CLANG_ENABLE_OBJC_ARC = YES;
				CLANG_ENABLE_OBJC_WEAK = YES;
				CLANG_WARN_BLOCK_CAPTURE_AUTORELEASING = YES;
				CLANG_WARN_BOOL_CONVERSION = YES;
				CLANG_WARN_COMMA = YES;
				CLANG_WARN_CONSTANT_CONVERSION = YES;
				CLANG_WARN_DEPRECATED_OBJC_IMPLEMENTATIONS = YES;
				CLANG_WARN_DIRECT_OBJC_ISA_USAGE = YES_ERROR;
				CLANG_WARN_DOCUMENTATION_COMMENTS = YES;
				CLANG_WARN_EMPTY_BODY = YES;
				CLANG_WARN_ENUM_CONVERSION = YES;
				CLANG_WARN_INFINITE_RECURSION = YES;
				CLANG_WARN_INT_CONVERSION = YES;
				CLANG_WARN_NON_LITERAL_NULL_CONVERSION = YES;
				CLANG_WARN_OBJC_IMPLICIT_RETAIN_SELF = YES;
				CLANG_WARN_OBJC_LITERAL_CONVERSION = YES;
				CLANG_WARN_OBJC_ROOT_CLASS = YES_ERROR;
				CLANG_WARN_RANGE_LOOP_ANALYSIS = YES;
				CLANG_WARN_STRICT_PROTOTYPES = YES;
				CLANG_WARN_SUSPICIOUS_MOVE = YES;
				CLANG_WARN_UNGUARDED_AVAILABILITY = YES_AGGRESSIVE;
				CLANG_WARN_UNREACHABLE_CODE = YES;
				CLANG_WARN__DUPLICATE_METHOD_MATCH = YES;
				COPY_PHASE_STRIP = NO;
				DEBUG_INFORMATION_FORMAT = dwarf;
				ENABLE_STRICT_OBJC_MSGSEND = YES;
				ENABLE_TESTABILITY = YES;
				GCC_C_LANGUAGE_STANDARD = gnu11;
				GCC_DYNAMIC_NO_PIC = NO;
				GCC_NO_COMMON_BLOCKS = YES;
				GCC_OPTIMIZATION_LEVEL = 0;
				GCC_PREPROCESSOR_DEFINITIONS = (
					"DEBUG=1",
					"$(inherited)",
				);
				GCC_WARN_64_TO_32_BIT_CONVERSION = YES;
				GCC_WARN_ABOUT_RETURN_TYPE = YES_ERROR;
				GCC_WARN_UNDECLARED_SELECTOR = YES;
				GCC_WARN_UNINITIALIZED_AUTOS = YES_AGGRESSIVE;
				GCC_WARN_UNUSED_FUNCTION = YES;
				GCC_WARN_UNUSED_VARIABLE = YES;
				IPHONEOS_DEPLOYMENT_TARGET = 13.2;
				MTL_ENABLE_DEBUG_INFO = INCLUDE_SOURCE;
				MTL_FAST_MATH = YES;
				ONLY_ACTIVE_ARCH = YES;
				SDKROOT = iphoneos;
				SWIFT_ACTIVE_COMPILATION_CONDITIONS = DEBUG;
				SWIFT_OPTIMIZATION_LEVEL = "-Onone";
			};
			name = Debug;
		};
		1F9F8C9A247D9715009E9428 /* Release */ = {
			isa = XCBuildConfiguration;
			buildSettings = {
				ALWAYS_SEARCH_USER_PATHS = NO;
				CLANG_ANALYZER_NONNULL = YES;
				CLANG_ANALYZER_NUMBER_OBJECT_CONVERSION = YES_AGGRESSIVE;
				CLANG_CXX_LANGUAGE_STANDARD = "gnu++14";
				CLANG_CXX_LIBRARY = "libc++";
				CLANG_ENABLE_MODULES = YES;
				CLANG_ENABLE_OBJC_ARC = YES;
				CLANG_ENABLE_OBJC_WEAK = YES;
				CLANG_WARN_BLOCK_CAPTURE_AUTORELEASING = YES;
				CLANG_WARN_BOOL_CONVERSION = YES;
				CLANG_WARN_COMMA = YES;
				CLANG_WARN_CONSTANT_CONVERSION = YES;
				CLANG_WARN_DEPRECATED_OBJC_IMPLEMENTATIONS = YES;
				CLANG_WARN_DIRECT_OBJC_ISA_USAGE = YES_ERROR;
				CLANG_WARN_DOCUMENTATION_COMMENTS = YES;
				CLANG_WARN_EMPTY_BODY = YES;
				CLANG_WARN_ENUM_CONVERSION = YES;
				CLANG_WARN_INFINITE_RECURSION = YES;
				CLANG_WARN_INT_CONVERSION = YES;
				CLANG_WARN_NON_LITERAL_NULL_CONVERSION = YES;
				CLANG_WARN_OBJC_IMPLICIT_RETAIN_SELF = YES;
				CLANG_WARN_OBJC_LITERAL_CONVERSION = YES;
				CLANG_WARN_OBJC_ROOT_CLASS = YES_ERROR;
				CLANG_WARN_RANGE_LOOP_ANALYSIS = YES;
				CLANG_WARN_STRICT_PROTOTYPES = YES;
				CLANG_WARN_SUSPICIOUS_MOVE = YES;
				CLANG_WARN_UNGUARDED_AVAILABILITY = YES_AGGRESSIVE;
				CLANG_WARN_UNREACHABLE_CODE = YES;
				CLANG_WARN__DUPLICATE_METHOD_MATCH = YES;
				COPY_PHASE_STRIP = NO;
				DEBUG_INFORMATION_FORMAT = "dwarf-with-dsym";
				ENABLE_NS_ASSERTIONS = NO;
				ENABLE_STRICT_OBJC_MSGSEND = YES;
				GCC_C_LANGUAGE_STANDARD = gnu11;
				GCC_NO_COMMON_BLOCKS = YES;
				GCC_WARN_64_TO_32_BIT_CONVERSION = YES;
				GCC_WARN_ABOUT_RETURN_TYPE = YES_ERROR;
				GCC_WARN_UNDECLARED_SELECTOR = YES;
				GCC_WARN_UNINITIALIZED_AUTOS = YES_AGGRESSIVE;
				GCC_WARN_UNUSED_FUNCTION = YES;
				GCC_WARN_UNUSED_VARIABLE = YES;
				IPHONEOS_DEPLOYMENT_TARGET = 13.2;
				MTL_ENABLE_DEBUG_INFO = NO;
				MTL_FAST_MATH = YES;
				SDKROOT = iphoneos;
				SWIFT_COMPILATION_MODE = wholemodule;
				SWIFT_OPTIMIZATION_LEVEL = "-O";
				VALIDATE_PRODUCT = YES;
			};
			name = Release;
		};
		1F9F8C9C247D9715009E9428 /* Debug */ = {
			isa = XCBuildConfiguration;
			buildSettings = {
				ASSETCATALOG_COMPILER_APPICON_NAME = AppIcon;
				CODE_SIGN_STYLE = Automatic;
				DEVELOPMENT_TEAM = Y2J55NQS85;
				INFOPLIST_FILE = RulerPicker/Info.plist;
				IPHONEOS_DEPLOYMENT_TARGET = 9.0;
				LD_RUNPATH_SEARCH_PATHS = (
					"$(inherited)",
					"@executable_path/Frameworks",
				);
				PRODUCT_BUNDLE_IDENTIFIER = Alx.RulerPicker;
				PRODUCT_NAME = "$(TARGET_NAME)";
				SWIFT_VERSION = 5.0;
				TARGETED_DEVICE_FAMILY = 1;
			};
			name = Debug;
		};
		1F9F8C9D247D9715009E9428 /* Release */ = {
			isa = XCBuildConfiguration;
			buildSettings = {
				ASSETCATALOG_COMPILER_APPICON_NAME = AppIcon;
				CODE_SIGN_STYLE = Automatic;
				DEVELOPMENT_TEAM = Y2J55NQS85;
				INFOPLIST_FILE = RulerPicker/Info.plist;
				IPHONEOS_DEPLOYMENT_TARGET = 9.0;
				LD_RUNPATH_SEARCH_PATHS = (
					"$(inherited)",
					"@executable_path/Frameworks",
				);
				PRODUCT_BUNDLE_IDENTIFIER = Alx.RulerPicker;
				PRODUCT_NAME = "$(TARGET_NAME)";
				SWIFT_VERSION = 5.0;
				TARGETED_DEVICE_FAMILY = 1;
			};
			name = Release;
		};
/* End XCBuildConfiguration section */

/* Begin XCConfigurationList section */
		1F9F8C82247D9714009E9428 /* Build configuration list for PBXProject "RulerPicker" */ = {
			isa = XCConfigurationList;
			buildConfigurations = (
				1F9F8C99247D9715009E9428 /* Debug */,
				1F9F8C9A247D9715009E9428 /* Release */,
			);
			defaultConfigurationIsVisible = 0;
			defaultConfigurationName = Release;
		};
		1F9F8C9B247D9715009E9428 /* Build configuration list for PBXNativeTarget "RulerPicker" */ = {
			isa = XCConfigurationList;
			buildConfigurations = (
				1F9F8C9C247D9715009E9428 /* Debug */,
				1F9F8C9D247D9715009E9428 /* Release */,
			);
			defaultConfigurationIsVisible = 0;
			defaultConfigurationName = Release;
		};
/* End XCConfigurationList section */
	};
	rootObject = 1F9F8C7F247D9714009E9428 /* Project object */;
}
